github.com/avertocle/adventofcode v0.0.0-20220414103312-52143577e875 h1:XVKv7iTAQBfR2O2UWHgADoUrUDMM70fHk7zGT8d+7sY=
github.com/avertocle/adventofcode v0.0.0-20220414103312-52143577e875/go.mod h1:grZwJlV+eqZN6RhKXR471j1aGXA0/QnhcK17A8CjqAQ=
github.com/emirpasic/gods v1.18.1 h1:FXtiHYKDGKCW2KzwZKx0iC0PQmdlorYgdFG9jPXJ1Bc=
github.com/emirpasic/gods v1.18.1/go.mod h1:8tpGGwCnJ5H4r6BWwaV6OrWmMoPhUl5jm/FMNAnJvWQ=
